# This file is automatically @generated by Cargo.
# It is not intended for manual editing.
version = 4

[[package]]
name = "better-auth-rs"
version = "0.0.0"
dependencies = [
 "better-auth-rs-core",
]

[[package]]
name = "better-auth-rs-core"
version = "0.0.0"

[[package]]
name = "xtask"
version = "0.0.0"
